{
  "version": 4,
  "terraform_version": "1.3.0",
  "serial": 5,
  "lineage": "21ac58ef-8ce7-d556-26d9-7ee9022d4c49",
  "outputs": {},
  "resources": [
    {
      "mode": "managed",
      "type": "aws_iam_user",
      "name": "name",
      "provider": "provider[\"registry.terraform.io/hashicorp/aws\"]",
      "instances": [
        {
          "schema_version": 0,
          "attributes": {
            "arn": "arn:aws:iam::203794551748:user/trial1",
            "force_destroy": false,
            "id": "trial1",
            "name": "trial1",
            "path": "/",
            "permissions_boundary": null,
            "tags": null,
            "tags_all": {
              "Hashicorp-Learn": "aws-iam-policy"
            },
            "unique_id": "AIDAS64Y2CPCPPUFD44CR"
          },
          "sensitive_attributes": [],
          "private": "bnVsbA=="
        }
      ]
    }
  ],
  "check_results": []
}
